{
    "name": "cron_job_pings",
    "version": "1.0.0",
    "lockfileVersion": 3,
    "requires": true,
    "packages": {
        "": {
            "name": "cron_job_pings",
            "version": "1.0.0",
            "dependencies": {
                "dotenv": "^16.4.5",
                "postgres": "^3.4.5"
            }
        },
        "node_modules/dotenv": {
            "version": "16.6.1",
            "resolved": "https://registry.npmjs.org/dotenv/-/dotenv-16.6.1.tgz",
            "integrity": "sha512-uBq4egWHTcTt33a72vpSG0z3HnPuIl6NqYcTrKEg2azoEyl2hpW0zqlxysq2pK9HlDIHyHyakeYaYnSAwd8bow==",
            "license": "BSD-2-Clause",
            "engines": {
                "node": ">=12"
            },
            "funding": {
                "url": "https://dotenvx.com"
            }
        },
        "node_modules/postgres": {
            "version": "3.4.7",
            "resolved": "https://registry.npmjs.org/postgres/-/postgres-3.4.7.tgz",
            "integrity": "sha512-Jtc2612XINuBjIl/QTWsV5UvE8UHuNblcO3vVADSrKsrc6RqGX6lOW1cEo3CM2v0XG4Nat8nI+YM7/f26VxXLw==",
            "license": "Unlicense",
            "engines": {
                "node": ">=12"
            },
            "funding": {
                "type": "individual",
                "url": "https://github.com/sponsors/porsager"
            }
        }
    }
}
